
Microsoft Visual Studio Solution File, Format Version 12.00
# Visual Studio Version 17
VisualStudioVersion = 17.9.34902.65
MinimumVisualStudioVersion = 10.0.40219.1
Project("{FAE04EC0-301F-11D3-BF4B-00C04F79EFBC}") = "SogoHotel", "SogoHotel\SogoHotel.csproj", "{BC020FD1-8FED-4458-920B-B36989FE1BFC}"
EndProject
Global
	GlobalSection(SolutionConfigurationPlatforms) = preSolution
		Debug|Any CPU = Debug|Any CPU
		Release|Any CPU = Release|Any CPU
	EndGlobalSection
	GlobalSection(ProjectConfigurationPlatforms) = postSolution
		{BC020FD1-8FED-4458-920B-B36989FE1BFC}.Debug|Any CPU.ActiveCfg = Debug|Any CPU
		{BC020FD1-8FED-4458-920B-B36989FE1BFC}.Debug|Any CPU.Build.0 = Debug|Any CPU
		{BC020FD1-8FED-4458-920B-B36989FE1BFC}.Release|Any CPU.ActiveCfg = Release|Any CPU
		{BC020FD1-8FED-4458-920B-B36989FE1BFC}.Release|Any CPU.Build.0 = Release|Any CPU
	EndGlobalSection
	GlobalSection(SolutionProperties) = preSolution
		HideSolutionNode = FALSE
	EndGlobalSection
	GlobalSection(ExtensibilityGlobals) = postSolution
		SolutionGuid = {61090C4C-74F0-48AF-9309-0425067EF8D4}
	EndGlobalSection
EndGlobal
